
Microsoft Visual Studio Solution File, Format Version 12.00
# Visual Studio Version 17
VisualStudioVersion = 17.5.001.0
MinimumVisualStudioVersion = 10.0.40219.1
Project("{9A19103F-16F7-4668-BE54-9A1E7A4F7556}") = "ex001_cons", "ex001_cons.csproj", "{1814138A-13A1-4613-B202-C0E39FBE320E}"
EndProject
Global
	GlobalSection(SolutionConfigurationPlatforms) = preSolution
		Debug|Any CPU = Debug|Any CPU
		Release|Any CPU = Release|Any CPU
	EndGlobalSection
	GlobalSection(ProjectConfigurationPlatforms) = postSolution
		{1814138A-13A1-4613-B202-C0E39FBE320E}.Debug|Any CPU.ActiveCfg = Debug|Any CPU
		{1814138A-13A1-4613-B202-C0E39FBE320E}.Debug|Any CPU.Build.0 = Debug|Any CPU
		{1814138A-13A1-4613-B202-C0E39FBE320E}.Release|Any CPU.ActiveCfg = Release|Any CPU
		{1814138A-13A1-4613-B202-C0E39FBE320E}.Release|Any CPU.Build.0 = Release|Any CPU
	EndGlobalSection
	GlobalSection(SolutionProperties) = preSolution
		HideSolutionNode = FALSE
	EndGlobalSection
	GlobalSection(ExtensibilityGlobals) = postSolution
		SolutionGuid = {1BA1FFAC-0534-41AB-9AA1-64B2B2561E86}
	EndGlobalSection
EndGlobal
